
Microsoft Visual Studio Solution File, Format Version 12.00
# Visual Studio Version 17
VisualStudioVersion = 17.5.33516.290
MinimumVisualStudioVersion = 10.0.40219.1
Project("{9A19103F-16F7-4668-BE54-9A1E7A4F7556}") = "Red-Poppies UI", "Red-Poppies UI\Red-Poppies UI.csproj", "{77414103-1213-4FDD-844D-53419DFC5C7E}"
EndProject
Project("{9A19103F-16F7-4668-BE54-9A1E7A4F7556}") = "Red-Poppies Library", "Red-Poppies Library\Red-Poppies Library.csproj", "{1F648A5D-B8FB-4369-B0BB-FDA6107F1AD2}"
EndProject
Project("{FAE04EC0-301F-11D3-BF4B-00C04F79EFBC}") = "Red-Poppies.Tests", "Red-Poppies.Tests\Red-Poppies.Tests.csproj", "{F996D1B4-3A98-48DB-88F4-934ACFC8A075}"
EndProject
Global
	GlobalSection(SolutionConfigurationPlatforms) = preSolution
		Debug|Any CPU = Debug|Any CPU
		Release|Any CPU = Release|Any CPU
	EndGlobalSection
	GlobalSection(ProjectConfigurationPlatforms) = postSolution
		{77414103-1213-4FDD-844D-53419DFC5C7E}.Debug|Any CPU.ActiveCfg = Debug|Any CPU
		{77414103-1213-4FDD-844D-53419DFC5C7E}.Debug|Any CPU.Build.0 = Debug|Any CPU
		{77414103-1213-4FDD-844D-53419DFC5C7E}.Release|Any CPU.ActiveCfg = Release|Any CPU
		{77414103-1213-4FDD-844D-53419DFC5C7E}.Release|Any CPU.Build.0 = Release|Any CPU
		{1F648A5D-B8FB-4369-B0BB-FDA6107F1AD2}.Debug|Any CPU.ActiveCfg = Debug|Any CPU
		{1F648A5D-B8FB-4369-B0BB-FDA6107F1AD2}.Debug|Any CPU.Build.0 = Debug|Any CPU
		{1F648A5D-B8FB-4369-B0BB-FDA6107F1AD2}.Release|Any CPU.ActiveCfg = Release|Any CPU
		{1F648A5D-B8FB-4369-B0BB-FDA6107F1AD2}.Release|Any CPU.Build.0 = Release|Any CPU
		{F996D1B4-3A98-48DB-88F4-934ACFC8A075}.Debug|Any CPU.ActiveCfg = Debug|Any CPU
		{F996D1B4-3A98-48DB-88F4-934ACFC8A075}.Debug|Any CPU.Build.0 = Debug|Any CPU
		{F996D1B4-3A98-48DB-88F4-934ACFC8A075}.Release|Any CPU.ActiveCfg = Release|Any CPU
		{F996D1B4-3A98-48DB-88F4-934ACFC8A075}.Release|Any CPU.Build.0 = Release|Any CPU
	EndGlobalSection
	GlobalSection(SolutionProperties) = preSolution
		HideSolutionNode = FALSE
	EndGlobalSection
	GlobalSection(ExtensibilityGlobals) = postSolution
		SolutionGuid = {E17F7464-B8E4-450F-888B-20A8CA349483}
	EndGlobalSection
EndGlobal
