
Microsoft Visual Studio Solution File, Format Version 12.00
# Visual Studio Version 17
VisualStudioVersion = 17.5.33516.290
MinimumVisualStudioVersion = 10.0.40219.1
Project("{FAE04EC0-301F-11D3-BF4B-00C04F79EFBC}") = "Red-Poppies UI", "Red-Poppies UI\Red-Poppies UI.csproj", "{77414103-1213-4FDD-844D-53419DFC5C7E}"
EndProject
Global
	GlobalSection(SolutionConfigurationPlatforms) = preSolution
		Debug|Any CPU = Debug|Any CPU
		Release|Any CPU = Release|Any CPU
	EndGlobalSection
	GlobalSection(ProjectConfigurationPlatforms) = postSolution
		{77414103-1213-4FDD-844D-53419DFC5C7E}.Debug|Any CPU.ActiveCfg = Debug|Any CPU
		{77414103-1213-4FDD-844D-53419DFC5C7E}.Debug|Any CPU.Build.0 = Debug|Any CPU
		{77414103-1213-4FDD-844D-53419DFC5C7E}.Release|Any CPU.ActiveCfg = Release|Any CPU
		{77414103-1213-4FDD-844D-53419DFC5C7E}.Release|Any CPU.Build.0 = Release|Any CPU
	EndGlobalSection
	GlobalSection(SolutionProperties) = preSolution
		HideSolutionNode = FALSE
	EndGlobalSection
	GlobalSection(ExtensibilityGlobals) = postSolution
		SolutionGuid = {E17F7464-B8E4-450F-888B-20A8CA349483}
	EndGlobalSection
EndGlobal
